
Microsoft Visual Studio Solution File, Format Version 12.00
# Visual Studio Version 16
VisualStudioVersion = 16.0.31112.23
MinimumVisualStudioVersion = 10.0.40219.1
Project("{9A19103F-16F7-4668-BE54-9A1E7A4F7556}") = "UserManagement", "Services\UserManagement\UserManagement.csproj", "{FEFBF309-5755-43B7-85AD-DD50D02641DD}"
EndProject
Project("{E24C65DC-7377-472B-9ABA-BC803B73C61A}") = "UI", "UI\", "{F523CE19-5307-4EA7-B107-687C9169D740}"
	ProjectSection(WebsiteProperties) = preProject
		TargetFrameworkMoniker = ".NETFramework,Version%3Dv4.0"
		Debug.AspNetCompiler.VirtualPath = "/localhost_57837"
		Debug.AspNetCompiler.PhysicalPath = "UI\"
		Debug.AspNetCompiler.TargetPath = "PrecompiledWeb\localhost_57837\"
		Debug.AspNetCompiler.Updateable = "true"
		Debug.AspNetCompiler.ForceOverwrite = "true"
		Debug.AspNetCompiler.FixedNames = "false"
		Debug.AspNetCompiler.Debug = "True"
		Release.AspNetCompiler.VirtualPath = "/localhost_57837"
		Release.AspNetCompiler.PhysicalPath = "UI\"
		Release.AspNetCompiler.TargetPath = "PrecompiledWeb\localhost_57837\"
		Release.AspNetCompiler.Updateable = "true"
		Release.AspNetCompiler.ForceOverwrite = "true"
		Release.AspNetCompiler.FixedNames = "false"
		Release.AspNetCompiler.Debug = "False"
		VWDPort = "57837"
		SlnRelativePath = "UI\"
	EndProjectSection
EndProject
Project("{9A19103F-16F7-4668-BE54-9A1E7A4F7556}") = "IdentityAndAccessManagement", "Services\IdentityAndAccessManagement\IdentityAndAccessManagement.csproj", "{B78D4B55-85F6-4D34-979F-10984C6146C7}"
EndProject
Project("{9A19103F-16F7-4668-BE54-9A1E7A4F7556}") = "ContentService", "Services\ContentService\ContentService.csproj", "{286AE080-8D3C-445B-813A-5DFE28A42A3E}"
EndProject
Project("{9A19103F-16F7-4668-BE54-9A1E7A4F7556}") = "ApiGateway", "Services\ApiGateway\ApiGateway.csproj", "{8D4634FA-D44F-4947-8712-A16112D22B11}"
EndProject
Project("{2150E333-8FDC-42A3-9474-1A3956D46DE8}") = "MessageBus", "MessageBus", "{9AB8AA5B-960C-4980-AA83-214A807D2C53}"
EndProject
Project("{9A19103F-16F7-4668-BE54-9A1E7A4F7556}") = "MessageBusCore", "Services\MessageBus\MessageBusCore\MessageBusCore.csproj", "{C414E59B-3486-4695-AEDE-1F46F5EE283F}"
EndProject
Project("{9A19103F-16F7-4668-BE54-9A1E7A4F7556}") = "MessageBus.RabbitMQ", "Services\MessageBus\MessageBus.RabbitMQ\MessageBus.RabbitMQ.csproj", "{8AA60F96-6CD9-4E20-AE42-ECA60CB89BEA}"
EndProject
Project("{9A19103F-16F7-4668-BE54-9A1E7A4F7556}") = "NotificationService", "Services\NotificationService\NotificationService.csproj", "{7CC6BE31-001C-4B3C-8B09-5F79C4593C73}"
EndProject
Project("{FAE04EC0-301F-11D3-BF4B-00C04F79EFBC}") = "FollowService", "Services\FollowService\FollowService.csproj", "{92B19930-D123-4460-9C3E-855299FF2A5E}"
EndProject
Global
	GlobalSection(SolutionConfigurationPlatforms) = preSolution
		Debug|Any CPU = Debug|Any CPU
		Release|Any CPU = Release|Any CPU
	EndGlobalSection
	GlobalSection(ProjectConfigurationPlatforms) = postSolution
		{FEFBF309-5755-43B7-85AD-DD50D02641DD}.Debug|Any CPU.ActiveCfg = Debug|Any CPU
		{FEFBF309-5755-43B7-85AD-DD50D02641DD}.Debug|Any CPU.Build.0 = Debug|Any CPU
		{FEFBF309-5755-43B7-85AD-DD50D02641DD}.Release|Any CPU.ActiveCfg = Release|Any CPU
		{FEFBF309-5755-43B7-85AD-DD50D02641DD}.Release|Any CPU.Build.0 = Release|Any CPU
		{F523CE19-5307-4EA7-B107-687C9169D740}.Debug|Any CPU.ActiveCfg = Debug|Any CPU
		{F523CE19-5307-4EA7-B107-687C9169D740}.Debug|Any CPU.Build.0 = Debug|Any CPU
		{F523CE19-5307-4EA7-B107-687C9169D740}.Release|Any CPU.ActiveCfg = Debug|Any CPU
		{F523CE19-5307-4EA7-B107-687C9169D740}.Release|Any CPU.Build.0 = Debug|Any CPU
		{B78D4B55-85F6-4D34-979F-10984C6146C7}.Debug|Any CPU.ActiveCfg = Debug|Any CPU
		{B78D4B55-85F6-4D34-979F-10984C6146C7}.Debug|Any CPU.Build.0 = Debug|Any CPU
		{B78D4B55-85F6-4D34-979F-10984C6146C7}.Release|Any CPU.ActiveCfg = Release|Any CPU
		{B78D4B55-85F6-4D34-979F-10984C6146C7}.Release|Any CPU.Build.0 = Release|Any CPU
		{286AE080-8D3C-445B-813A-5DFE28A42A3E}.Debug|Any CPU.ActiveCfg = Debug|Any CPU
		{286AE080-8D3C-445B-813A-5DFE28A42A3E}.Debug|Any CPU.Build.0 = Debug|Any CPU
		{286AE080-8D3C-445B-813A-5DFE28A42A3E}.Release|Any CPU.ActiveCfg = Release|Any CPU
		{286AE080-8D3C-445B-813A-5DFE28A42A3E}.Release|Any CPU.Build.0 = Release|Any CPU
		{8D4634FA-D44F-4947-8712-A16112D22B11}.Debug|Any CPU.ActiveCfg = Debug|Any CPU
		{8D4634FA-D44F-4947-8712-A16112D22B11}.Debug|Any CPU.Build.0 = Debug|Any CPU
		{8D4634FA-D44F-4947-8712-A16112D22B11}.Release|Any CPU.ActiveCfg = Release|Any CPU
		{8D4634FA-D44F-4947-8712-A16112D22B11}.Release|Any CPU.Build.0 = Release|Any CPU
		{C414E59B-3486-4695-AEDE-1F46F5EE283F}.Debug|Any CPU.ActiveCfg = Debug|Any CPU
		{C414E59B-3486-4695-AEDE-1F46F5EE283F}.Debug|Any CPU.Build.0 = Debug|Any CPU
		{C414E59B-3486-4695-AEDE-1F46F5EE283F}.Release|Any CPU.ActiveCfg = Release|Any CPU
		{C414E59B-3486-4695-AEDE-1F46F5EE283F}.Release|Any CPU.Build.0 = Release|Any CPU
		{8AA60F96-6CD9-4E20-AE42-ECA60CB89BEA}.Debug|Any CPU.ActiveCfg = Debug|Any CPU
		{8AA60F96-6CD9-4E20-AE42-ECA60CB89BEA}.Debug|Any CPU.Build.0 = Debug|Any CPU
		{8AA60F96-6CD9-4E20-AE42-ECA60CB89BEA}.Release|Any CPU.ActiveCfg = Release|Any CPU
		{8AA60F96-6CD9-4E20-AE42-ECA60CB89BEA}.Release|Any CPU.Build.0 = Release|Any CPU
		{7CC6BE31-001C-4B3C-8B09-5F79C4593C73}.Debug|Any CPU.ActiveCfg = Debug|Any CPU
		{7CC6BE31-001C-4B3C-8B09-5F79C4593C73}.Debug|Any CPU.Build.0 = Debug|Any CPU
		{7CC6BE31-001C-4B3C-8B09-5F79C4593C73}.Release|Any CPU.ActiveCfg = Release|Any CPU
		{7CC6BE31-001C-4B3C-8B09-5F79C4593C73}.Release|Any CPU.Build.0 = Release|Any CPU
		{92B19930-D123-4460-9C3E-855299FF2A5E}.Debug|Any CPU.ActiveCfg = Debug|Any CPU
		{92B19930-D123-4460-9C3E-855299FF2A5E}.Debug|Any CPU.Build.0 = Debug|Any CPU
		{92B19930-D123-4460-9C3E-855299FF2A5E}.Release|Any CPU.ActiveCfg = Release|Any CPU
		{92B19930-D123-4460-9C3E-855299FF2A5E}.Release|Any CPU.Build.0 = Release|Any CPU
	EndGlobalSection
	GlobalSection(SolutionProperties) = preSolution
		HideSolutionNode = FALSE
	EndGlobalSection
	GlobalSection(NestedProjects) = preSolution
		{C414E59B-3486-4695-AEDE-1F46F5EE283F} = {9AB8AA5B-960C-4980-AA83-214A807D2C53}
		{8AA60F96-6CD9-4E20-AE42-ECA60CB89BEA} = {9AB8AA5B-960C-4980-AA83-214A807D2C53}
	EndGlobalSection
	GlobalSection(ExtensibilityGlobals) = postSolution
		SolutionGuid = {F818903A-961B-4CF7-BFF8-A08A907AD4DE}
	EndGlobalSection
EndGlobal
